
Microsoft Visual Studio Solution File, Format Version 12.00
# Visual Studio Version 17
VisualStudioVersion = 17.4.33205.214
MinimumVisualStudioVersion = 10.0.40219.1
Project("{FAE04EC0-301F-11D3-BF4B-00C04F79EFBC}") = "ManejoPresupuesto", "ManejoPresupuesto\ManejoPresupuesto.csproj", "{F8369D9E-834B-409C-B1C6-126C906B1C09}"
EndProject
Global
	GlobalSection(SolutionConfigurationPlatforms) = preSolution
		Debug|Any CPU = Debug|Any CPU
		Release|Any CPU = Release|Any CPU
	EndGlobalSection
	GlobalSection(ProjectConfigurationPlatforms) = postSolution
		{F8369D9E-834B-409C-B1C6-126C906B1C09}.Debug|Any CPU.ActiveCfg = Debug|Any CPU
		{F8369D9E-834B-409C-B1C6-126C906B1C09}.Debug|Any CPU.Build.0 = Debug|Any CPU
		{F8369D9E-834B-409C-B1C6-126C906B1C09}.Release|Any CPU.ActiveCfg = Release|Any CPU
		{F8369D9E-834B-409C-B1C6-126C906B1C09}.Release|Any CPU.Build.0 = Release|Any CPU
	EndGlobalSection
	GlobalSection(SolutionProperties) = preSolution
		HideSolutionNode = FALSE
	EndGlobalSection
	GlobalSection(ExtensibilityGlobals) = postSolution
		SolutionGuid = {545955B5-045F-43EC-AB4E-761FB488D28E}
	EndGlobalSection
EndGlobal
